
Microsoft Visual Studio Solution File, Format Version 11.00
# Visual Studio 2010
Project("{8BC9CEB8-8B4A-11D0-8D11-00A0C91BC942}") = "pipe_logger", "pipe_logger.vcxproj", "{89DFF7B9-C3E8-413F-9E2B-45BB22976CCB}"
EndProject
Global
	GlobalSection(SolutionConfigurationPlatforms) = preSolution
		Debug|Win32 = Debug|Win32
		Release|Win32 = Release|Win32
	EndGlobalSection
	GlobalSection(ProjectConfigurationPlatforms) = postSolution
		{89DFF7B9-C3E8-413F-9E2B-45BB22976CCB}.Debug|Win32.ActiveCfg = Debug|Win32
		{89DFF7B9-C3E8-413F-9E2B-45BB22976CCB}.Debug|Win32.Build.0 = Debug|Win32
		{89DFF7B9-C3E8-413F-9E2B-45BB22976CCB}.Release|Win32.ActiveCfg = Release|Win32
		{89DFF7B9-C3E8-413F-9E2B-45BB22976CCB}.Release|Win32.Build.0 = Release|Win32
	EndGlobalSection
	GlobalSection(SolutionProperties) = preSolution
		HideSolutionNode = FALSE
	EndGlobalSection
EndGlobal
